// !$*UTF8*$!
{
	archiveVersion = 1;
	classes = {
	};
	objectVersion = 51;
	objects = {

/* Begin PBXBuildFile section */
		4EC99B5254C6C512EEE7958A /* Pods_Keeper.framework in Frameworks */ = {isa = PBXBuildFile; fileRef = DEAFE580A43EA8F861917917 /* Pods_Keeper.framework */; };
		595EFA082558F99000D56AF8 /* NFLGameInfo.swift in Sources */ = {isa = PBXBuildFile; fileRef = 595EFA072558F99000D56AF8 /* NFLGameInfo.swift */; };
		595EFA0B2558F9D700D56AF8 /* NFLStatistics.swift in Sources */ = {isa = PBXBuildFile; fileRef = 595EFA0A2558F9D700D56AF8 /* NFLStatistics.swift */; };
		595EFA0E2558FA2800D56AF8 /* NFLOffenseStatistics.swift in Sources */ = {isa = PBXBuildFile; fileRef = 595EFA0D2558FA2800D56AF8 /* NFLOffenseStatistics.swift */; };
		595EFA112558FA4D00D56AF8 /* NFLPassingStatistics.swift in Sources */ = {isa = PBXBuildFile; fileRef = 595EFA102558FA4D00D56AF8 /* NFLPassingStatistics.swift */; };
		59CBAEBE255666CF000D079A /* AppDelegate.swift in Sources */ = {isa = PBXBuildFile; fileRef = 59CBAEBD255666CF000D079A /* AppDelegate.swift */; };
		59CBAEC0255666CF000D079A /* SceneDelegate.swift in Sources */ = {isa = PBXBuildFile; fileRef = 59CBAEBF255666CF000D079A /* SceneDelegate.swift */; };
		59CBAEC5255666CF000D079A /* Main.storyboard in Resources */ = {isa = PBXBuildFile; fileRef = 59CBAEC3255666CF000D079A /* Main.storyboard */; };
		59CBAEC7255666CF000D079A /* Assets.xcassets in Resources */ = {isa = PBXBuildFile; fileRef = 59CBAEC6255666CF000D079A /* Assets.xcassets */; };
		59CBAECA255666CF000D079A /* LaunchScreen.storyboard in Resources */ = {isa = PBXBuildFile; fileRef = 59CBAEC8255666CF000D079A /* LaunchScreen.storyboard */; };
		59CBAED52556747B000D079A /* SleeperClient.swift in Sources */ = {isa = PBXBuildFile; fileRef = 59CBAED42556747B000D079A /* SleeperClient.swift */; };
		59CBAEDA255674CF000D079A /* SleeperPlayer.swift in Sources */ = {isa = PBXBuildFile; fileRef = 59CBAED9255674CF000D079A /* SleeperPlayer.swift */; };
		59CBAEDD25568A7A000D079A /* PlayersTableViewController.swift in Sources */ = {isa = PBXBuildFile; fileRef = 59CBAEDC25568A7A000D079A /* PlayersTableViewController.swift */; };
		59CBAEEB25568EFE000D079A /* PlayerService.swift in Sources */ = {isa = PBXBuildFile; fileRef = 59CBAEEA25568EFE000D079A /* PlayerService.swift */; };
		59CBAEF025568F7E000D079A /* Player.swift in Sources */ = {isa = PBXBuildFile; fileRef = 59CBAEEF25568F7E000D079A /* Player.swift */; };
		59E494A42557DD3B00AA8FFD /* NFLClient.swift in Sources */ = {isa = PBXBuildFile; fileRef = 59E494A32557DD3B00AA8FFD /* NFLClient.swift */; };
		59E494A82557F03B00AA8FFD /* NFLPlayer.swift in Sources */ = {isa = PBXBuildFile; fileRef = 59E494A72557F03B00AA8FFD /* NFLPlayer.swift */; };
/* End PBXBuildFile section */

/* Begin PBXFileReference section */
		595EFA072558F99000D56AF8 /* NFLGameInfo.swift */ = {isa = PBXFileReference; lastKnownFileType = sourcecode.swift; path = NFLGameInfo.swift; sourceTree = "<group>"; };
		595EFA0A2558F9D700D56AF8 /* NFLStatistics.swift */ = {isa = PBXFileReference; lastKnownFileType = sourcecode.swift; path = NFLStatistics.swift; sourceTree = "<group>"; };
		595EFA0D2558FA2800D56AF8 /* NFLOffenseStatistics.swift */ = {isa = PBXFileReference; lastKnownFileType = sourcecode.swift; path = NFLOffenseStatistics.swift; sourceTree = "<group>"; };
		595EFA102558FA4D00D56AF8 /* NFLPassingStatistics.swift */ = {isa = PBXFileReference; lastKnownFileType = sourcecode.swift; path = NFLPassingStatistics.swift; sourceTree = "<group>"; };
		59CBAEBA255666CF000D079A /* Keeper.app */ = {isa = PBXFileReference; explicitFileType = wrapper.application; includeInIndex = 0; path = Keeper.app; sourceTree = BUILT_PRODUCTS_DIR; };
		59CBAEBD255666CF000D079A /* AppDelegate.swift */ = {isa = PBXFileReference; lastKnownFileType = sourcecode.swift; path = AppDelegate.swift; sourceTree = "<group>"; };
		59CBAEBF255666CF000D079A /* SceneDelegate.swift */ = {isa = PBXFileReference; lastKnownFileType = sourcecode.swift; path = SceneDelegate.swift; sourceTree = "<group>"; };
		59CBAEC4255666CF000D079A /* Base */ = {isa = PBXFileReference; lastKnownFileType = file.storyboard; name = Base; path = Base.lproj/Main.storyboard; sourceTree = "<group>"; };
		59CBAEC6255666CF000D079A /* Assets.xcassets */ = {isa = PBXFileReference; lastKnownFileType = folder.assetcatalog; path = Assets.xcassets; sourceTree = "<group>"; };
		59CBAEC9255666CF000D079A /* Base */ = {isa = PBXFileReference; lastKnownFileType = file.storyboard; name = Base; path = Base.lproj/LaunchScreen.storyboard; sourceTree = "<group>"; };
		59CBAECB255666CF000D079A /* Info.plist */ = {isa = PBXFileReference; lastKnownFileType = text.plist.xml; path = Info.plist; sourceTree = "<group>"; };
		59CBAED42556747B000D079A /* SleeperClient.swift */ = {isa = PBXFileReference; lastKnownFileType = sourcecode.swift; path = SleeperClient.swift; sourceTree = "<group>"; };
		59CBAED9255674CF000D079A /* SleeperPlayer.swift */ = {isa = PBXFileReference; lastKnownFileType = sourcecode.swift; path = SleeperPlayer.swift; sourceTree = "<group>"; };
		59CBAEDC25568A7A000D079A /* PlayersTableViewController.swift */ = {isa = PBXFileReference; lastKnownFileType = sourcecode.swift; path = PlayersTableViewController.swift; sourceTree = "<group>"; };
		59CBAEEA25568EFE000D079A /* PlayerService.swift */ = {isa = PBXFileReference; lastKnownFileType = sourcecode.swift; path = PlayerService.swift; sourceTree = "<group>"; };
		59CBAEEF25568F7E000D079A /* Player.swift */ = {isa = PBXFileReference; lastKnownFileType = sourcecode.swift; path = Player.swift; sourceTree = "<group>"; };
		59E494A32557DD3B00AA8FFD /* NFLClient.swift */ = {isa = PBXFileReference; lastKnownFileType = sourcecode.swift; path = NFLClient.swift; sourceTree = "<group>"; };
		59E494A72557F03B00AA8FFD /* NFLPlayer.swift */ = {isa = PBXFileReference; lastKnownFileType = sourcecode.swift; path = NFLPlayer.swift; sourceTree = "<group>"; };
		5DB749005763019121F19D02 /* Pods-Keeper.debug.xcconfig */ = {isa = PBXFileReference; includeInIndex = 1; lastKnownFileType = text.xcconfig; name = "Pods-Keeper.debug.xcconfig"; path = "Target Support Files/Pods-Keeper/Pods-Keeper.debug.xcconfig"; sourceTree = "<group>"; };
		DEAFE580A43EA8F861917917 /* Pods_Keeper.framework */ = {isa = PBXFileReference; explicitFileType = wrapper.framework; includeInIndex = 0; path = Pods_Keeper.framework; sourceTree = BUILT_PRODUCTS_DIR; };
		E28D322DB0E6BD3CB02A0018 /* Pods-Keeper.release.xcconfig */ = {isa = PBXFileReference; includeInIndex = 1; lastKnownFileType = text.xcconfig; name = "Pods-Keeper.release.xcconfig"; path = "Target Support Files/Pods-Keeper/Pods-Keeper.release.xcconfig"; sourceTree = "<group>"; };
/* End PBXFileReference section */

/* Begin PBXFrameworksBuildPhase section */
		59CBAEB7255666CF000D079A /* Frameworks */ = {
			isa = PBXFrameworksBuildPhase;
			buildActionMask = 2147483647;
			files = (
				4EC99B5254C6C512EEE7958A /* Pods_Keeper.framework in Frameworks */,
			);
			runOnlyForDeploymentPostprocessing = 0;
		};
/* End PBXFrameworksBuildPhase section */

/* Begin PBXGroup section */
		219BDC37095AD1428625417E /* Pods */ = {
			isa = PBXGroup;
			children = (
				5DB749005763019121F19D02 /* Pods-Keeper.debug.xcconfig */,
				E28D322DB0E6BD3CB02A0018 /* Pods-Keeper.release.xcconfig */,
			);
			path = Pods;
			sourceTree = "<group>";
		};
		59CBAEB1255666CF000D079A = {
			isa = PBXGroup;
			children = (
				59CBAEBC255666CF000D079A /* Keeper */,
				59CBAEBB255666CF000D079A /* Products */,
				219BDC37095AD1428625417E /* Pods */,
				D264302E1D813CC951FF17AA /* Frameworks */,
			);
			sourceTree = "<group>";
		};
		59CBAEBB255666CF000D079A /* Products */ = {
			isa = PBXGroup;
			children = (
				59CBAEBA255666CF000D079A /* Keeper.app */,
			);
			name = Products;
			sourceTree = "<group>";
		};
		59CBAEBC255666CF000D079A /* Keeper */ = {
			isa = PBXGroup;
			children = (
				59CBAEBD255666CF000D079A /* AppDelegate.swift */,
				59CBAEBF255666CF000D079A /* SceneDelegate.swift */,
				59CBAEDC25568A7A000D079A /* PlayersTableViewController.swift */,
				59CBAEC3255666CF000D079A /* Main.storyboard */,
				59CBAEC6255666CF000D079A /* Assets.xcassets */,
				59CBAEC8255666CF000D079A /* LaunchScreen.storyboard */,
				59CBAECB255666CF000D079A /* Info.plist */,
				59E494A22557DD3100AA8FFD /* NFL */,
				59CBAEE925568EEF000D079A /* Players */,
				59CBAED7255674BA000D079A /* Sleeper */,
			);
			path = Keeper;
			sourceTree = "<group>";
		};
		59CBAED7255674BA000D079A /* Sleeper */ = {
			isa = PBXGroup;
			children = (
				59CBAED42556747B000D079A /* SleeperClient.swift */,
				59CBAED9255674CF000D079A /* SleeperPlayer.swift */,
			);
			path = Sleeper;
			sourceTree = "<group>";
		};
		59CBAEE925568EEF000D079A /* Players */ = {
			isa = PBXGroup;
			children = (
				59CBAEEA25568EFE000D079A /* PlayerService.swift */,
				59CBAEEF25568F7E000D079A /* Player.swift */,
			);
			path = Players;
			sourceTree = "<group>";
		};
		59E494A22557DD3100AA8FFD /* NFL */ = {
			isa = PBXGroup;
			children = (
				59E494A32557DD3B00AA8FFD /* NFLClient.swift */,
				59E494A72557F03B00AA8FFD /* NFLPlayer.swift */,
				595EFA072558F99000D56AF8 /* NFLGameInfo.swift */,
				595EFA0A2558F9D700D56AF8 /* NFLStatistics.swift */,
				595EFA0D2558FA2800D56AF8 /* NFLOffenseStatistics.swift */,
				595EFA102558FA4D00D56AF8 /* NFLPassingStatistics.swift */,
			);
			path = NFL;
			sourceTree = "<group>";
		};
		D264302E1D813CC951FF17AA /* Frameworks */ = {
			isa = PBXGroup;
			children = (
				DEAFE580A43EA8F861917917 /* Pods_Keeper.framework */,
			);
			name = Frameworks;
			sourceTree = "<group>";
		};
/* End PBXGroup section */

/* Begin PBXNativeTarget section */
		59CBAEB9255666CF000D079A /* Keeper */ = {
			isa = PBXNativeTarget;
			buildConfigurationList = 59CBAECE255666CF000D079A /* Build configuration list for PBXNativeTarget "Keeper" */;
			buildPhases = (
				74C757BA2B6FD0F8B01F2AA4 /* [CP] Check Pods Manifest.lock */,
				59CBAEB6255666CF000D079A /* Sources */,
				59CBAEB7255666CF000D079A /* Frameworks */,
				59CBAEB8255666CF000D079A /* Resources */,
				FBA54053076ECF2258992B5C /* [CP] Embed Pods Frameworks */,
			);
			buildRules = (
			);
			dependencies = (
			);
			name = Keeper;
			productName = Keeper;
			productReference = 59CBAEBA255666CF000D079A /* Keeper.app */;
			productType = "com.apple.product-type.application";
		};
/* End PBXNativeTarget section */

/* Begin PBXProject section */
		59CBAEB2255666CF000D079A /* Project object */ = {
			isa = PBXProject;
			attributes = {
				LastSwiftUpdateCheck = 1220;
				LastUpgradeCheck = 1220;
				TargetAttributes = {
					59CBAEB9255666CF000D079A = {
						CreatedOnToolsVersion = 12.2;
					};
				};
			};
			buildConfigurationList = 59CBAEB5255666CF000D079A /* Build configuration list for PBXProject "Keeper" */;
			compatibilityVersion = "Xcode 9.3";
			developmentRegion = en;
			hasScannedForEncodings = 0;
			knownRegions = (
				en,
				Base,
			);
			mainGroup = 59CBAEB1255666CF000D079A;
			productRefGroup = 59CBAEBB255666CF000D079A /* Products */;
			projectDirPath = "";
			projectRoot = "";
			targets = (
				59CBAEB9255666CF000D079A /* Keeper */,
			);
		};
/* End PBXProject section */

/* Begin PBXResourcesBuildPhase section */
		59CBAEB8255666CF000D079A /* Resources */ = {
			isa = PBXResourcesBuildPhase;
			buildActionMask = 2147483647;
			files = (
				59CBAECA255666CF000D079A /* LaunchScreen.storyboard in Resources */,
				59CBAEC7255666CF000D079A /* Assets.xcassets in Resources */,
				59CBAEC5255666CF000D079A /* Main.storyboard in Resources */,
			);
			runOnlyForDeploymentPostprocessing = 0;
		};
/* End PBXResourcesBuildPhase section */

/* Begin PBXShellScriptBuildPhase section */
		74C757BA2B6FD0F8B01F2AA4 /* [CP] Check Pods Manifest.lock */ = {
			isa = PBXShellScriptBuildPhase;
			buildActionMask = 2147483647;
			files = (
			);
			inputFileListPaths = (
			);
			inputPaths = (
				"${PODS_PODFILE_DIR_PATH}/Podfile.lock",
				"${PODS_ROOT}/Manifest.lock",
			);
			name = "[CP] Check Pods Manifest.lock";
			outputFileListPaths = (
			);
			outputPaths = (
				"$(DERIVED_FILE_DIR)/Pods-Keeper-checkManifestLockResult.txt",
			);
			runOnlyForDeploymentPostprocessing = 0;
			shellPath = /bin/sh;
			shellScript = "diff \"${PODS_PODFILE_DIR_PATH}/Podfile.lock\" \"${PODS_ROOT}/Manifest.lock\" > /dev/null\nif [ $? != 0 ] ; then\n    # print error to STDERR\n    echo \"error: The sandbox is not in sync with the Podfile.lock. Run 'pod install' or update your CocoaPods installation.\" >&2\n    exit 1\nfi\n# This output is used by Xcode 'outputs' to avoid re-running this script phase.\necho \"SUCCESS\" > \"${SCRIPT_OUTPUT_FILE_0}\"\n";
			showEnvVarsInLog = 0;
		};
		FBA54053076ECF2258992B5C /* [CP] Embed Pods Frameworks */ = {
			isa = PBXShellScriptBuildPhase;
			buildActionMask = 2147483647;
			files = (
			);
			inputFileListPaths = (
				"${PODS_ROOT}/Target Support Files/Pods-Keeper/Pods-Keeper-frameworks-${CONFIGURATION}-input-files.xcfilelist",
			);
			name = "[CP] Embed Pods Frameworks";
			outputFileListPaths = (
				"${PODS_ROOT}/Target Support Files/Pods-Keeper/Pods-Keeper-frameworks-${CONFIGURATION}-output-files.xcfilelist",
			);
			runOnlyForDeploymentPostprocessing = 0;
			shellPath = /bin/sh;
			shellScript = "\"${PODS_ROOT}/Target Support Files/Pods-Keeper/Pods-Keeper-frameworks.sh\"\n";
			showEnvVarsInLog = 0;
		};
/* End PBXShellScriptBuildPhase section */

/* Begin PBXSourcesBuildPhase section */
		59CBAEB6255666CF000D079A /* Sources */ = {
			isa = PBXSourcesBuildPhase;
			buildActionMask = 2147483647;
			files = (
				59E494A82557F03B00AA8FFD /* NFLPlayer.swift in Sources */,
				595EFA0B2558F9D700D56AF8 /* NFLStatistics.swift in Sources */,
				595EFA112558FA4D00D56AF8 /* NFLPassingStatistics.swift in Sources */,
				59CBAEEB25568EFE000D079A /* PlayerService.swift in Sources */,
				59E494A42557DD3B00AA8FFD /* NFLClient.swift in Sources */,
				59CBAED52556747B000D079A /* SleeperClient.swift in Sources */,
				595EFA082558F99000D56AF8 /* NFLGameInfo.swift in Sources */,
				59CBAEDA255674CF000D079A /* SleeperPlayer.swift in Sources */,
				59CBAEDD25568A7A000D079A /* PlayersTableViewController.swift in Sources */,
				59CBAEF025568F7E000D079A /* Player.swift in Sources */,
				59CBAEBE255666CF000D079A /* AppDelegate.swift in Sources */,
				595EFA0E2558FA2800D56AF8 /* NFLOffenseStatistics.swift in Sources */,
				59CBAEC0255666CF000D079A /* SceneDelegate.swift in Sources */,
			);
			runOnlyForDeploymentPostprocessing = 0;
		};
/* End PBXSourcesBuildPhase section */

/* Begin PBXVariantGroup section */
		59CBAEC3255666CF000D079A /* Main.storyboard */ = {
			isa = PBXVariantGroup;
			children = (
				59CBAEC4255666CF000D079A /* Base */,
			);
			name = Main.storyboard;
			sourceTree = "<group>";
		};
		59CBAEC8255666CF000D079A /* LaunchScreen.storyboard */ = {
			isa = PBXVariantGroup;
			children = (
				59CBAEC9255666CF000D079A /* Base */,
			);
			name = LaunchScreen.storyboard;
			sourceTree = "<group>";
		};
/* End PBXVariantGroup section */

/* Begin XCBuildConfiguration section */
		59CBAECC255666CF000D079A /* Debug */ = {
			isa = XCBuildConfiguration;
			buildSettings = {
				ALWAYS_SEARCH_USER_PATHS = NO;
				CLANG_ANALYZER_NONNULL = YES;
				CLANG_ANALYZER_NUMBER_OBJECT_CONVERSION = YES_AGGRESSIVE;
				CLANG_CXX_LANGUAGE_STANDARD = "gnu++14";
				CLANG_CXX_LIBRARY = "libc++";
				CLANG_ENABLE_MODULES = YES;
				CLANG_ENABLE_OBJC_ARC = YES;
				CLANG_ENABLE_OBJC_WEAK = YES;
				CLANG_WARN_BLOCK_CAPTURE_AUTORELEASING = YES;
				CLANG_WARN_BOOL_CONVERSION = YES;
				CLANG_WARN_COMMA = YES;
				CLANG_WARN_CONSTANT_CONVERSION = YES;
				CLANG_WARN_DEPRECATED_OBJC_IMPLEMENTATIONS = YES;
				CLANG_WARN_DIRECT_OBJC_ISA_USAGE = YES_ERROR;
				CLANG_WARN_DOCUMENTATION_COMMENTS = YES;
				CLANG_WARN_EMPTY_BODY = YES;
				CLANG_WARN_ENUM_CONVERSION = YES;
				CLANG_WARN_INFINITE_RECURSION = YES;
				CLANG_WARN_INT_CONVERSION = YES;
				CLANG_WARN_NON_LITERAL_NULL_CONVERSION = YES;
				CLANG_WARN_OBJC_IMPLICIT_RETAIN_SELF = YES;
				CLANG_WARN_OBJC_LITERAL_CONVERSION = YES;
				CLANG_WARN_OBJC_ROOT_CLASS = YES_ERROR;
				CLANG_WARN_QUOTED_INCLUDE_IN_FRAMEWORK_HEADER = YES;
				CLANG_WARN_RANGE_LOOP_ANALYSIS = YES;
				CLANG_WARN_STRICT_PROTOTYPES = YES;
				CLANG_WARN_SUSPICIOUS_MOVE = YES;
				CLANG_WARN_UNGUARDED_AVAILABILITY = YES_AGGRESSIVE;
				CLANG_WARN_UNREACHABLE_CODE = YES;
				CLANG_WARN__DUPLICATE_METHOD_MATCH = YES;
				COPY_PHASE_STRIP = NO;
				DEBUG_INFORMATION_FORMAT = dwarf;
				ENABLE_STRICT_OBJC_MSGSEND = YES;
				ENABLE_TESTABILITY = YES;
				GCC_C_LANGUAGE_STANDARD = gnu11;
				GCC_DYNAMIC_NO_PIC = NO;
				GCC_NO_COMMON_BLOCKS = YES;
				GCC_OPTIMIZATION_LEVEL = 0;
				GCC_PREPROCESSOR_DEFINITIONS = (
					"DEBUG=1",
					"$(inherited)",
				);
				GCC_WARN_64_TO_32_BIT_CONVERSION = YES;
				GCC_WARN_ABOUT_RETURN_TYPE = YES_ERROR;
				GCC_WARN_UNDECLARED_SELECTOR = YES;
				GCC_WARN_UNINITIALIZED_AUTOS = YES_AGGRESSIVE;
				GCC_WARN_UNUSED_FUNCTION = YES;
				GCC_WARN_UNUSED_VARIABLE = YES;
				IPHONEOS_DEPLOYMENT_TARGET = 14.2;
				MTL_ENABLE_DEBUG_INFO = INCLUDE_SOURCE;
				MTL_FAST_MATH = YES;
				ONLY_ACTIVE_ARCH = YES;
				SDKROOT = iphoneos;
				SWIFT_ACTIVE_COMPILATION_CONDITIONS = DEBUG;
				SWIFT_OPTIMIZATION_LEVEL = "-Onone";
			};
			name = Debug;
		};
		59CBAECD255666CF000D079A /* Release */ = {
			isa = XCBuildConfiguration;
			buildSettings = {
				ALWAYS_SEARCH_USER_PATHS = NO;
				CLANG_ANALYZER_NONNULL = YES;
				CLANG_ANALYZER_NUMBER_OBJECT_CONVERSION = YES_AGGRESSIVE;
				CLANG_CXX_LANGUAGE_STANDARD = "gnu++14";
				CLANG_CXX_LIBRARY = "libc++";
				CLANG_ENABLE_MODULES = YES;
				CLANG_ENABLE_OBJC_ARC = YES;
				CLANG_ENABLE_OBJC_WEAK = YES;
				CLANG_WARN_BLOCK_CAPTURE_AUTORELEASING = YES;
				CLANG_WARN_BOOL_CONVERSION = YES;
				CLANG_WARN_COMMA = YES;
				CLANG_WARN_CONSTANT_CONVERSION = YES;
				CLANG_WARN_DEPRECATED_OBJC_IMPLEMENTATIONS = YES;
				CLANG_WARN_DIRECT_OBJC_ISA_USAGE = YES_ERROR;
				CLANG_WARN_DOCUMENTATION_COMMENTS = YES;
				CLANG_WARN_EMPTY_BODY = YES;
				CLANG_WARN_ENUM_CONVERSION = YES;
				CLANG_WARN_INFINITE_RECURSION = YES;
				CLANG_WARN_INT_CONVERSION = YES;
				CLANG_WARN_NON_LITERAL_NULL_CONVERSION = YES;
				CLANG_WARN_OBJC_IMPLICIT_RETAIN_SELF = YES;
				CLANG_WARN_OBJC_LITERAL_CONVERSION = YES;
				CLANG_WARN_OBJC_ROOT_CLASS = YES_ERROR;
				CLANG_WARN_QUOTED_INCLUDE_IN_FRAMEWORK_HEADER = YES;
				CLANG_WARN_RANGE_LOOP_ANALYSIS = YES;
				CLANG_WARN_STRICT_PROTOTYPES = YES;
				CLANG_WARN_SUSPICIOUS_MOVE = YES;
				CLANG_WARN_UNGUARDED_AVAILABILITY = YES_AGGRESSIVE;
				CLANG_WARN_UNREACHABLE_CODE = YES;
				CLANG_WARN__DUPLICATE_METHOD_MATCH = YES;
				COPY_PHASE_STRIP = NO;
				DEBUG_INFORMATION_FORMAT = "dwarf-with-dsym";
				ENABLE_NS_ASSERTIONS = NO;
				ENABLE_STRICT_OBJC_MSGSEND = YES;
				GCC_C_LANGUAGE_STANDARD = gnu11;
				GCC_NO_COMMON_BLOCKS = YES;
				GCC_WARN_64_TO_32_BIT_CONVERSION = YES;
				GCC_WARN_ABOUT_RETURN_TYPE = YES_ERROR;
				GCC_WARN_UNDECLARED_SELECTOR = YES;
				GCC_WARN_UNINITIALIZED_AUTOS = YES_AGGRESSIVE;
				GCC_WARN_UNUSED_FUNCTION = YES;
				GCC_WARN_UNUSED_VARIABLE = YES;
				IPHONEOS_DEPLOYMENT_TARGET = 14.2;
				MTL_ENABLE_DEBUG_INFO = NO;
				MTL_FAST_MATH = YES;
				SDKROOT = iphoneos;
				SWIFT_COMPILATION_MODE = wholemodule;
				SWIFT_OPTIMIZATION_LEVEL = "-O";
				VALIDATE_PRODUCT = YES;
			};
			name = Release;
		};
		59CBAECF255666CF000D079A /* Debug */ = {
			isa = XCBuildConfiguration;
			baseConfigurationReference = 5DB749005763019121F19D02 /* Pods-Keeper.debug.xcconfig */;
			buildSettings = {
				ASSETCATALOG_COMPILER_APPICON_NAME = AppIcon;
				ASSETCATALOG_COMPILER_GLOBAL_ACCENT_COLOR_NAME = AccentColor;
				CODE_SIGN_STYLE = Automatic;
				DEVELOPMENT_TEAM = THTNVR7GYP;
				INFOPLIST_FILE = Keeper/Info.plist;
				LD_RUNPATH_SEARCH_PATHS = (
					"$(inherited)",
					"@executable_path/Frameworks",
				);
				PRODUCT_BUNDLE_IDENTIFIER = com.hanhossain.Keeper;
				PRODUCT_NAME = "$(TARGET_NAME)";
				SWIFT_VERSION = 5.0;
				TARGETED_DEVICE_FAMILY = "1,2";
			};
			name = Debug;
		};
		59CBAED0255666CF000D079A /* Release */ = {
			isa = XCBuildConfiguration;
			baseConfigurationReference = E28D322DB0E6BD3CB02A0018 /* Pods-Keeper.release.xcconfig */;
			buildSettings = {
				ASSETCATALOG_COMPILER_APPICON_NAME = AppIcon;
				ASSETCATALOG_COMPILER_GLOBAL_ACCENT_COLOR_NAME = AccentColor;
				CODE_SIGN_STYLE = Automatic;
				DEVELOPMENT_TEAM = THTNVR7GYP;
				INFOPLIST_FILE = Keeper/Info.plist;
				LD_RUNPATH_SEARCH_PATHS = (
					"$(inherited)",
					"@executable_path/Frameworks",
				);
				PRODUCT_BUNDLE_IDENTIFIER = com.hanhossain.Keeper;
				PRODUCT_NAME = "$(TARGET_NAME)";
				SWIFT_VERSION = 5.0;
				TARGETED_DEVICE_FAMILY = "1,2";
			};
			name = Release;
		};
/* End XCBuildConfiguration section */

/* Begin XCConfigurationList section */
		59CBAEB5255666CF000D079A /* Build configuration list for PBXProject "Keeper" */ = {
			isa = XCConfigurationList;
			buildConfigurations = (
				59CBAECC255666CF000D079A /* Debug */,
				59CBAECD255666CF000D079A /* Release */,
			);
			defaultConfigurationIsVisible = 0;
			defaultConfigurationName = Release;
		};
		59CBAECE255666CF000D079A /* Build configuration list for PBXNativeTarget "Keeper" */ = {
			isa = XCConfigurationList;
			buildConfigurations = (
				59CBAECF255666CF000D079A /* Debug */,
				59CBAED0255666CF000D079A /* Release */,
			);
			defaultConfigurationIsVisible = 0;
			defaultConfigurationName = Release;
		};
/* End XCConfigurationList section */
	};
	rootObject = 59CBAEB2255666CF000D079A /* Project object */;
}
