
Microsoft Visual Studio Solution File, Format Version 12.00
# Visual Studio Version 16
VisualStudioVersion = 25.0.1700.4
MinimumVisualStudioVersion = 10.0.40219.1
Project("{FAE04EC0-301F-11D3-BF4B-00C04F79EFBC}") = "Keeper.iOS", "Keeper.iOS\Keeper.iOS.csproj", "{C1DF26E8-A4A4-4B42-A557-42CE164E045A}"
EndProject
Global
	GlobalSection(SolutionConfigurationPlatforms) = preSolution
		Debug|iPhoneSimulator = Debug|iPhoneSimulator
		Release|iPhoneSimulator = Release|iPhoneSimulator
		Debug|iPhone = Debug|iPhone
		Release|iPhone = Release|iPhone
	EndGlobalSection
	GlobalSection(ProjectConfigurationPlatforms) = postSolution
		{C1DF26E8-A4A4-4B42-A557-42CE164E045A}.Debug|iPhoneSimulator.ActiveCfg = Debug|iPhoneSimulator
		{C1DF26E8-A4A4-4B42-A557-42CE164E045A}.Debug|iPhoneSimulator.Build.0 = Debug|iPhoneSimulator
		{C1DF26E8-A4A4-4B42-A557-42CE164E045A}.Release|iPhoneSimulator.ActiveCfg = Release|iPhoneSimulator
		{C1DF26E8-A4A4-4B42-A557-42CE164E045A}.Release|iPhoneSimulator.Build.0 = Release|iPhoneSimulator
		{C1DF26E8-A4A4-4B42-A557-42CE164E045A}.Debug|iPhone.ActiveCfg = Debug|iPhone
		{C1DF26E8-A4A4-4B42-A557-42CE164E045A}.Debug|iPhone.Build.0 = Debug|iPhone
		{C1DF26E8-A4A4-4B42-A557-42CE164E045A}.Release|iPhone.ActiveCfg = Release|iPhone
		{C1DF26E8-A4A4-4B42-A557-42CE164E045A}.Release|iPhone.Build.0 = Release|iPhone
	EndGlobalSection
	GlobalSection(SolutionProperties) = preSolution
		HideSolutionNode = FALSE
	EndGlobalSection
	GlobalSection(ExtensibilityGlobals) = postSolution
		SolutionGuid = {D813531D-5D71-4577-990D-1D16A45FACE7}
	EndGlobalSection
EndGlobal
